
Microsoft Visual Studio Solution File, Format Version 12.00
# Visual Studio 2012
Project("{FAE04EC0-301F-11D3-BF4B-00C04F79EFBC}") = "LoopTech", "LoopTech\LoopTech.csproj", "{1F105389-5FDC-42F0-9E6E-C7F7F68F7A0E}"
EndProject
Global
	GlobalSection(SolutionConfigurationPlatforms) = preSolution
		Debug|Any CPU = Debug|Any CPU
		Release|Any CPU = Release|Any CPU
	EndGlobalSection
	GlobalSection(ProjectConfigurationPlatforms) = postSolution
		{1F105389-5FDC-42F0-9E6E-C7F7F68F7A0E}.Debug|Any CPU.ActiveCfg = Debug|Any CPU
		{1F105389-5FDC-42F0-9E6E-C7F7F68F7A0E}.Debug|Any CPU.Build.0 = Debug|Any CPU
		{1F105389-5FDC-42F0-9E6E-C7F7F68F7A0E}.Release|Any CPU.ActiveCfg = Release|Any CPU
		{1F105389-5FDC-42F0-9E6E-C7F7F68F7A0E}.Release|Any CPU.Build.0 = Release|Any CPU
	EndGlobalSection
	GlobalSection(SolutionProperties) = preSolution
		HideSolutionNode = FALSE
	EndGlobalSection
EndGlobal
